
Microsoft Visual Studio Solution File, Format Version 12.00
# Visual Studio Version 16
VisualStudioVersion = 16.0.29911.84
MinimumVisualStudioVersion = 10.0.40219.1
Project("{FAE04EC0-301F-11D3-BF4B-00C04F79EFBC}") = "ED - Practica 2", "ED - Practica 2\ED - Practica 2.csproj", "{AF3D7F7F-425F-4904-8E36-EA9C5D547934}"
EndProject
Global
	GlobalSection(SolutionConfigurationPlatforms) = preSolution
		Debug|Any CPU = Debug|Any CPU
		Release|Any CPU = Release|Any CPU
	EndGlobalSection
	GlobalSection(ProjectConfigurationPlatforms) = postSolution
		{AF3D7F7F-425F-4904-8E36-EA9C5D547934}.Debug|Any CPU.ActiveCfg = Debug|Any CPU
		{AF3D7F7F-425F-4904-8E36-EA9C5D547934}.Debug|Any CPU.Build.0 = Debug|Any CPU
		{AF3D7F7F-425F-4904-8E36-EA9C5D547934}.Release|Any CPU.ActiveCfg = Release|Any CPU
		{AF3D7F7F-425F-4904-8E36-EA9C5D547934}.Release|Any CPU.Build.0 = Release|Any CPU
	EndGlobalSection
	GlobalSection(SolutionProperties) = preSolution
		HideSolutionNode = FALSE
	EndGlobalSection
	GlobalSection(ExtensibilityGlobals) = postSolution
		SolutionGuid = {75E37C45-5DAC-4DA7-A0BA-5DD61CC8EF2D}
	EndGlobalSection
EndGlobal
